// !$*UTF8*$!
{
	archiveVersion = 1;
	classes = {
	};
	objectVersion = 46;
	objects = {

/* Begin PBXBuildFile section */
		C49245B81D77CF020058D182 /* PokemonDetailVC.swift in Sources */ = {isa = PBXBuildFile; fileRef = C49245B71D77CF020058D182 /* PokemonDetailVC.swift */; };
		C4D3B6FD1D772BD8004CAAF8 /* AppDelegate.swift in Sources */ = {isa = PBXBuildFile; fileRef = C4D3B6FC1D772BD8004CAAF8 /* AppDelegate.swift */; };
		C4D3B6FF1D772BD8004CAAF8 /* ViewController.swift in Sources */ = {isa = PBXBuildFile; fileRef = C4D3B6FE1D772BD8004CAAF8 /* ViewController.swift */; };
		C4D3B7021D772BD8004CAAF8 /* Main.storyboard in Resources */ = {isa = PBXBuildFile; fileRef = C4D3B7001D772BD8004CAAF8 /* Main.storyboard */; };
		C4D3B7041D772BD8004CAAF8 /* Assets.xcassets in Resources */ = {isa = PBXBuildFile; fileRef = C4D3B7031D772BD8004CAAF8 /* Assets.xcassets */; };
		C4D3B7071D772BD8004CAAF8 /* LaunchScreen.storyboard in Resources */ = {isa = PBXBuildFile; fileRef = C4D3B7051D772BD8004CAAF8 /* LaunchScreen.storyboard */; };
		C4D3B70F1D772C8B004CAAF8 /* pokemon.csv in Resources */ = {isa = PBXBuildFile; fileRef = C4D3B70E1D772C8B004CAAF8 /* pokemon.csv */; };
		C4D3B7131D772CBB004CAAF8 /* abilities.csv in Resources */ = {isa = PBXBuildFile; fileRef = C4D3B7121D772CBB004CAAF8 /* abilities.csv */; };
		C4D3B7151D772CC2004CAAF8 /* moves.csv in Resources */ = {isa = PBXBuildFile; fileRef = C4D3B7141D772CC2004CAAF8 /* moves.csv */; };
		C4D3B7171D772CE2004CAAF8 /* Pokemon.swift in Sources */ = {isa = PBXBuildFile; fileRef = C4D3B7161D772CE2004CAAF8 /* Pokemon.swift */; };
		C4D3B71A1D7735AC004CAAF8 /* PokeCell.swift in Sources */ = {isa = PBXBuildFile; fileRef = C4D3B7191D7735AC004CAAF8 /* PokeCell.swift */; };
		C4D3B71C1D773CEB004CAAF8 /* csv.swift in Sources */ = {isa = PBXBuildFile; fileRef = C4D3B71B1D773CEB004CAAF8 /* csv.swift */; };
		C4D3B71E1D774219004CAAF8 /* Moves.swift in Sources */ = {isa = PBXBuildFile; fileRef = C4D3B71D1D774219004CAAF8 /* Moves.swift */; };
		C4D3B7201D77426A004CAAF8 /* Abilities.swift in Sources */ = {isa = PBXBuildFile; fileRef = C4D3B71F1D77426A004CAAF8 /* Abilities.swift */; };
		C4D3B7221D774CE1004CAAF8 /* Pokemon.ttf in Resources */ = {isa = PBXBuildFile; fileRef = C4D3B7211D774CE1004CAAF8 /* Pokemon.ttf */; };
		C4D3B7241D774D0E004CAAF8 /* music.mp3 in Resources */ = {isa = PBXBuildFile; fileRef = C4D3B7231D774D0E004CAAF8 /* music.mp3 */; };
/* End PBXBuildFile section */

/* Begin PBXFileReference section */
		C49245B71D77CF020058D182 /* PokemonDetailVC.swift */ = {isa = PBXFileReference; fileEncoding = 4; lastKnownFileType = sourcecode.swift; path = PokemonDetailVC.swift; sourceTree = "<group>"; };
		C4D3B6F91D772BD8004CAAF8 /* pokedex.app */ = {isa = PBXFileReference; explicitFileType = wrapper.application; includeInIndex = 0; path = pokedex.app; sourceTree = BUILT_PRODUCTS_DIR; };
		C4D3B6FC1D772BD8004CAAF8 /* AppDelegate.swift */ = {isa = PBXFileReference; lastKnownFileType = sourcecode.swift; path = AppDelegate.swift; sourceTree = "<group>"; };
		C4D3B6FE1D772BD8004CAAF8 /* ViewController.swift */ = {isa = PBXFileReference; lastKnownFileType = sourcecode.swift; path = ViewController.swift; sourceTree = "<group>"; };
		C4D3B7011D772BD8004CAAF8 /* Base */ = {isa = PBXFileReference; lastKnownFileType = file.storyboard; name = Base; path = Base.lproj/Main.storyboard; sourceTree = "<group>"; };
		C4D3B7031D772BD8004CAAF8 /* Assets.xcassets */ = {isa = PBXFileReference; lastKnownFileType = folder.assetcatalog; path = Assets.xcassets; sourceTree = "<group>"; };
		C4D3B7061D772BD8004CAAF8 /* Base */ = {isa = PBXFileReference; lastKnownFileType = file.storyboard; name = Base; path = Base.lproj/LaunchScreen.storyboard; sourceTree = "<group>"; };
		C4D3B7081D772BD8004CAAF8 /* Info.plist */ = {isa = PBXFileReference; lastKnownFileType = text.plist.xml; path = Info.plist; sourceTree = "<group>"; };
		C4D3B70E1D772C8B004CAAF8 /* pokemon.csv */ = {isa = PBXFileReference; fileEncoding = 4; lastKnownFileType = text; path = pokemon.csv; sourceTree = "<group>"; };
		C4D3B7121D772CBB004CAAF8 /* abilities.csv */ = {isa = PBXFileReference; fileEncoding = 4; lastKnownFileType = text; path = abilities.csv; sourceTree = "<group>"; };
		C4D3B7141D772CC2004CAAF8 /* moves.csv */ = {isa = PBXFileReference; fileEncoding = 4; lastKnownFileType = text; path = moves.csv; sourceTree = "<group>"; };
		C4D3B7161D772CE2004CAAF8 /* Pokemon.swift */ = {isa = PBXFileReference; fileEncoding = 4; lastKnownFileType = sourcecode.swift; path = Pokemon.swift; sourceTree = "<group>"; };
		C4D3B7191D7735AC004CAAF8 /* PokeCell.swift */ = {isa = PBXFileReference; fileEncoding = 4; lastKnownFileType = sourcecode.swift; path = PokeCell.swift; sourceTree = "<group>"; };
		C4D3B71B1D773CEB004CAAF8 /* csv.swift */ = {isa = PBXFileReference; fileEncoding = 4; lastKnownFileType = sourcecode.swift; path = csv.swift; sourceTree = "<group>"; };
		C4D3B71D1D774219004CAAF8 /* Moves.swift */ = {isa = PBXFileReference; fileEncoding = 4; lastKnownFileType = sourcecode.swift; path = Moves.swift; sourceTree = "<group>"; };
		C4D3B71F1D77426A004CAAF8 /* Abilities.swift */ = {isa = PBXFileReference; fileEncoding = 4; lastKnownFileType = sourcecode.swift; path = Abilities.swift; sourceTree = "<group>"; };
		C4D3B7211D774CE1004CAAF8 /* Pokemon.ttf */ = {isa = PBXFileReference; lastKnownFileType = file; path = Pokemon.ttf; sourceTree = "<group>"; };
		C4D3B7231D774D0E004CAAF8 /* music.mp3 */ = {isa = PBXFileReference; lastKnownFileType = audio.mp3; path = music.mp3; sourceTree = "<group>"; };
/* End PBXFileReference section */

/* Begin PBXFrameworksBuildPhase section */
		C4D3B6F61D772BD8004CAAF8 /* Frameworks */ = {
			isa = PBXFrameworksBuildPhase;
			buildActionMask = 2147483647;
			files = (
			);
			runOnlyForDeploymentPostprocessing = 0;
		};
/* End PBXFrameworksBuildPhase section */

/* Begin PBXGroup section */
		C49245B61D77CECE0058D182 /* Controller */ = {
			isa = PBXGroup;
			children = (
				C4D3B6FE1D772BD8004CAAF8 /* ViewController.swift */,
				C49245B71D77CF020058D182 /* PokemonDetailVC.swift */,
			);
			name = Controller;
			sourceTree = "<group>";
		};
		C4D3B6F01D772BD8004CAAF8 = {
			isa = PBXGroup;
			children = (
				C4D3B6FB1D772BD8004CAAF8 /* pokedex */,
				C4D3B6FA1D772BD8004CAAF8 /* Products */,
			);
			sourceTree = "<group>";
		};
		C4D3B6FA1D772BD8004CAAF8 /* Products */ = {
			isa = PBXGroup;
			children = (
				C4D3B6F91D772BD8004CAAF8 /* pokedex.app */,
			);
			name = Products;
			sourceTree = "<group>";
		};
		C4D3B6FB1D772BD8004CAAF8 /* pokedex */ = {
			isa = PBXGroup;
			children = (
				C4D3B7181D773590004CAAF8 /* View */,
				C4D3B7111D772CA2004CAAF8 /* Resources */,
				C49245B61D77CECE0058D182 /* Controller */,
				C4D3B7101D772C9A004CAAF8 /* Model */,
				C4D3B6FC1D772BD8004CAAF8 /* AppDelegate.swift */,
				C4D3B7001D772BD8004CAAF8 /* Main.storyboard */,
				C4D3B7031D772BD8004CAAF8 /* Assets.xcassets */,
				C4D3B7051D772BD8004CAAF8 /* LaunchScreen.storyboard */,
				C4D3B7081D772BD8004CAAF8 /* Info.plist */,
			);
			path = pokedex;
			sourceTree = "<group>";
		};
		C4D3B7101D772C9A004CAAF8 /* Model */ = {
			isa = PBXGroup;
			children = (
				C4D3B71B1D773CEB004CAAF8 /* csv.swift */,
				C4D3B7161D772CE2004CAAF8 /* Pokemon.swift */,
				C4D3B71D1D774219004CAAF8 /* Moves.swift */,
				C4D3B71F1D77426A004CAAF8 /* Abilities.swift */,
			);
			name = Model;
			sourceTree = "<group>";
		};
		C4D3B7111D772CA2004CAAF8 /* Resources */ = {
			isa = PBXGroup;
			children = (
				C4D3B70E1D772C8B004CAAF8 /* pokemon.csv */,
				C4D3B7121D772CBB004CAAF8 /* abilities.csv */,
				C4D3B7141D772CC2004CAAF8 /* moves.csv */,
				C4D3B7211D774CE1004CAAF8 /* Pokemon.ttf */,
				C4D3B7231D774D0E004CAAF8 /* music.mp3 */,
			);
			name = Resources;
			sourceTree = "<group>";
		};
		C4D3B7181D773590004CAAF8 /* View */ = {
			isa = PBXGroup;
			children = (
				C4D3B7191D7735AC004CAAF8 /* PokeCell.swift */,
			);
			name = View;
			sourceTree = "<group>";
		};
/* End PBXGroup section */

/* Begin PBXNativeTarget section */
		C4D3B6F81D772BD8004CAAF8 /* pokedex */ = {
			isa = PBXNativeTarget;
			buildConfigurationList = C4D3B70B1D772BD8004CAAF8 /* Build configuration list for PBXNativeTarget "pokedex" */;
			buildPhases = (
				C4D3B6F51D772BD8004CAAF8 /* Sources */,
				C4D3B6F61D772BD8004CAAF8 /* Frameworks */,
				C4D3B6F71D772BD8004CAAF8 /* Resources */,
			);
			buildRules = (
			);
			dependencies = (
			);
			name = pokedex;
			productName = pokedex;
			productReference = C4D3B6F91D772BD8004CAAF8 /* pokedex.app */;
			productType = "com.apple.product-type.application";
		};
/* End PBXNativeTarget section */

/* Begin PBXProject section */
		C4D3B6F11D772BD8004CAAF8 /* Project object */ = {
			isa = PBXProject;
			attributes = {
				LastSwiftUpdateCheck = 0800;
				LastUpgradeCheck = 0800;
				ORGANIZATIONNAME = Cory;
				TargetAttributes = {
					C4D3B6F81D772BD8004CAAF8 = {
						CreatedOnToolsVersion = 8.0;
						DevelopmentTeam = 595GQGY9Q9;
						LastSwiftMigration = 0800;
						ProvisioningStyle = Automatic;
					};
				};
			};
			buildConfigurationList = C4D3B6F41D772BD8004CAAF8 /* Build configuration list for PBXProject "pokedex" */;
			compatibilityVersion = "Xcode 3.2";
			developmentRegion = English;
			hasScannedForEncodings = 0;
			knownRegions = (
				en,
				Base,
			);
			mainGroup = C4D3B6F01D772BD8004CAAF8;
			productRefGroup = C4D3B6FA1D772BD8004CAAF8 /* Products */;
			projectDirPath = "";
			projectRoot = "";
			targets = (
				C4D3B6F81D772BD8004CAAF8 /* pokedex */,
			);
		};
/* End PBXProject section */

/* Begin PBXResourcesBuildPhase section */
		C4D3B6F71D772BD8004CAAF8 /* Resources */ = {
			isa = PBXResourcesBuildPhase;
			buildActionMask = 2147483647;
			files = (
				C4D3B7241D774D0E004CAAF8 /* music.mp3 in Resources */,
				C4D3B7071D772BD8004CAAF8 /* LaunchScreen.storyboard in Resources */,
				C4D3B7041D772BD8004CAAF8 /* Assets.xcassets in Resources */,
				C4D3B70F1D772C8B004CAAF8 /* pokemon.csv in Resources */,
				C4D3B7221D774CE1004CAAF8 /* Pokemon.ttf in Resources */,
				C4D3B7131D772CBB004CAAF8 /* abilities.csv in Resources */,
				C4D3B7021D772BD8004CAAF8 /* Main.storyboard in Resources */,
				C4D3B7151D772CC2004CAAF8 /* moves.csv in Resources */,
			);
			runOnlyForDeploymentPostprocessing = 0;
		};
/* End PBXResourcesBuildPhase section */

/* Begin PBXSourcesBuildPhase section */
		C4D3B6F51D772BD8004CAAF8 /* Sources */ = {
			isa = PBXSourcesBuildPhase;
			buildActionMask = 2147483647;
			files = (
				C4D3B6FF1D772BD8004CAAF8 /* ViewController.swift in Sources */,
				C4D3B71A1D7735AC004CAAF8 /* PokeCell.swift in Sources */,
				C4D3B7201D77426A004CAAF8 /* Abilities.swift in Sources */,
				C4D3B71E1D774219004CAAF8 /* Moves.swift in Sources */,
				C4D3B6FD1D772BD8004CAAF8 /* AppDelegate.swift in Sources */,
				C49245B81D77CF020058D182 /* PokemonDetailVC.swift in Sources */,
				C4D3B7171D772CE2004CAAF8 /* Pokemon.swift in Sources */,
				C4D3B71C1D773CEB004CAAF8 /* csv.swift in Sources */,
			);
			runOnlyForDeploymentPostprocessing = 0;
		};
/* End PBXSourcesBuildPhase section */

/* Begin PBXVariantGroup section */
		C4D3B7001D772BD8004CAAF8 /* Main.storyboard */ = {
			isa = PBXVariantGroup;
			children = (
				C4D3B7011D772BD8004CAAF8 /* Base */,
			);
			name = Main.storyboard;
			sourceTree = "<group>";
		};
		C4D3B7051D772BD8004CAAF8 /* LaunchScreen.storyboard */ = {
			isa = PBXVariantGroup;
			children = (
				C4D3B7061D772BD8004CAAF8 /* Base */,
			);
			name = LaunchScreen.storyboard;
			sourceTree = "<group>";
		};
/* End PBXVariantGroup section */

/* Begin XCBuildConfiguration section */
		C4D3B7091D772BD8004CAAF8 /* Debug */ = {
			isa = XCBuildConfiguration;
			buildSettings = {
				ALWAYS_SEARCH_USER_PATHS = NO;
				CLANG_ANALYZER_NONNULL = YES;
				CLANG_CXX_LANGUAGE_STANDARD = "gnu++0x";
				CLANG_CXX_LIBRARY = "libc++";
				CLANG_ENABLE_MODULES = YES;
				CLANG_ENABLE_OBJC_ARC = YES;
				CLANG_WARN_BOOL_CONVERSION = YES;
				CLANG_WARN_CONSTANT_CONVERSION = YES;
				CLANG_WARN_DIRECT_OBJC_ISA_USAGE = YES_ERROR;
				CLANG_WARN_DOCUMENTATION_COMMENTS = YES;
				CLANG_WARN_EMPTY_BODY = YES;
				CLANG_WARN_ENUM_CONVERSION = YES;
				CLANG_WARN_INFINITE_RECURSION = YES;
				CLANG_WARN_INT_CONVERSION = YES;
				CLANG_WARN_OBJC_ROOT_CLASS = YES_ERROR;
				CLANG_WARN_SUSPICIOUS_MOVES = YES;
				CLANG_WARN_UNREACHABLE_CODE = YES;
				CLANG_WARN__DUPLICATE_METHOD_MATCH = YES;
				"CODE_SIGN_IDENTITY[sdk=iphoneos*]" = "iPhone Developer";
				COPY_PHASE_STRIP = NO;
				DEBUG_INFORMATION_FORMAT = dwarf;
				ENABLE_STRICT_OBJC_MSGSEND = YES;
				ENABLE_TESTABILITY = YES;
				GCC_C_LANGUAGE_STANDARD = gnu99;
				GCC_DYNAMIC_NO_PIC = NO;
				GCC_NO_COMMON_BLOCKS = YES;
				GCC_OPTIMIZATION_LEVEL = 0;
				GCC_PREPROCESSOR_DEFINITIONS = (
					"DEBUG=1",
					"$(inherited)",
				);
				GCC_WARN_64_TO_32_BIT_CONVERSION = YES;
				GCC_WARN_ABOUT_RETURN_TYPE = YES_ERROR;
				GCC_WARN_UNDECLARED_SELECTOR = YES;
				GCC_WARN_UNINITIALIZED_AUTOS = YES_AGGRESSIVE;
				GCC_WARN_UNUSED_FUNCTION = YES;
				GCC_WARN_UNUSED_VARIABLE = YES;
				IPHONEOS_DEPLOYMENT_TARGET = 10.0;
				MTL_ENABLE_DEBUG_INFO = YES;
				ONLY_ACTIVE_ARCH = YES;
				SDKROOT = iphoneos;
				SWIFT_ACTIVE_COMPILATION_CONDITIONS = DEBUG;
				SWIFT_OPTIMIZATION_LEVEL = "-Onone";
				TARGETED_DEVICE_FAMILY = "1,2";
			};
			name = Debug;
		};
		C4D3B70A1D772BD8004CAAF8 /* Release */ = {
			isa = XCBuildConfiguration;
			buildSettings = {
				ALWAYS_SEARCH_USER_PATHS = NO;
				CLANG_ANALYZER_NONNULL = YES;
				CLANG_CXX_LANGUAGE_STANDARD = "gnu++0x";
				CLANG_CXX_LIBRARY = "libc++";
				CLANG_ENABLE_MODULES = YES;
				CLANG_ENABLE_OBJC_ARC = YES;
				CLANG_WARN_BOOL_CONVERSION = YES;
				CLANG_WARN_CONSTANT_CONVERSION = YES;
				CLANG_WARN_DIRECT_OBJC_ISA_USAGE = YES_ERROR;
				CLANG_WARN_DOCUMENTATION_COMMENTS = YES;
				CLANG_WARN_EMPTY_BODY = YES;
				CLANG_WARN_ENUM_CONVERSION = YES;
				CLANG_WARN_INFINITE_RECURSION = YES;
				CLANG_WARN_INT_CONVERSION = YES;
				CLANG_WARN_OBJC_ROOT_CLASS = YES_ERROR;
				CLANG_WARN_SUSPICIOUS_MOVES = YES;
				CLANG_WARN_UNREACHABLE_CODE = YES;
				CLANG_WARN__DUPLICATE_METHOD_MATCH = YES;
				"CODE_SIGN_IDENTITY[sdk=iphoneos*]" = "iPhone Developer";
				COPY_PHASE_STRIP = NO;
				DEBUG_INFORMATION_FORMAT = "dwarf-with-dsym";
				ENABLE_NS_ASSERTIONS = NO;
				ENABLE_STRICT_OBJC_MSGSEND = YES;
				GCC_C_LANGUAGE_STANDARD = gnu99;
				GCC_NO_COMMON_BLOCKS = YES;
				GCC_WARN_64_TO_32_BIT_CONVERSION = YES;
				GCC_WARN_ABOUT_RETURN_TYPE = YES_ERROR;
				GCC_WARN_UNDECLARED_SELECTOR = YES;
				GCC_WARN_UNINITIALIZED_AUTOS = YES_AGGRESSIVE;
				GCC_WARN_UNUSED_FUNCTION = YES;
				GCC_WARN_UNUSED_VARIABLE = YES;
				IPHONEOS_DEPLOYMENT_TARGET = 10.0;
				MTL_ENABLE_DEBUG_INFO = NO;
				SDKROOT = iphoneos;
				SWIFT_OPTIMIZATION_LEVEL = "-Owholemodule";
				TARGETED_DEVICE_FAMILY = "1,2";
				VALIDATE_PRODUCT = YES;
			};
			name = Release;
		};
		C4D3B70C1D772BD8004CAAF8 /* Debug */ = {
			isa = XCBuildConfiguration;
			buildSettings = {
				ASSETCATALOG_COMPILER_APPICON_NAME = AppIcon;
				DEVELOPMENT_TEAM = 595GQGY9Q9;
				INFOPLIST_FILE = pokedex/Info.plist;
				LD_RUNPATH_SEARCH_PATHS = "$(inherited) @executable_path/Frameworks";
				PRODUCT_BUNDLE_IDENTIFIER = com.cory.pokedex;
				PRODUCT_NAME = "$(TARGET_NAME)";
				SWIFT_VERSION = 3.0;
			};
			name = Debug;
		};
		C4D3B70D1D772BD8004CAAF8 /* Release */ = {
			isa = XCBuildConfiguration;
			buildSettings = {
				ASSETCATALOG_COMPILER_APPICON_NAME = AppIcon;
				DEVELOPMENT_TEAM = 595GQGY9Q9;
				INFOPLIST_FILE = pokedex/Info.plist;
				LD_RUNPATH_SEARCH_PATHS = "$(inherited) @executable_path/Frameworks";
				PRODUCT_BUNDLE_IDENTIFIER = com.cory.pokedex;
				PRODUCT_NAME = "$(TARGET_NAME)";
				SWIFT_VERSION = 3.0;
			};
			name = Release;
		};
/* End XCBuildConfiguration section */

/* Begin XCConfigurationList section */
		C4D3B6F41D772BD8004CAAF8 /* Build configuration list for PBXProject "pokedex" */ = {
			isa = XCConfigurationList;
			buildConfigurations = (
				C4D3B7091D772BD8004CAAF8 /* Debug */,
				C4D3B70A1D772BD8004CAAF8 /* Release */,
			);
			defaultConfigurationIsVisible = 0;
			defaultConfigurationName = Release;
		};
		C4D3B70B1D772BD8004CAAF8 /* Build configuration list for PBXNativeTarget "pokedex" */ = {
			isa = XCConfigurationList;
			buildConfigurations = (
				C4D3B70C1D772BD8004CAAF8 /* Debug */,
				C4D3B70D1D772BD8004CAAF8 /* Release */,
			);
			defaultConfigurationIsVisible = 0;
			defaultConfigurationName = Release;
		};
/* End XCConfigurationList section */
	};
	rootObject = C4D3B6F11D772BD8004CAAF8 /* Project object */;
}
